
Microsoft Visual Studio Solution File, Format Version 12.00
# Visual Studio 15
VisualStudioVersion = 15.0.28307.168
MinimumVisualStudioVersion = 10.0.40219.1
Project("{FAE04EC0-301F-11D3-BF4B-00C04F79EFBC}") = "Ex01", "Ex01\Ex01.csproj", "{30444BCF-DF83-446C-826C-87A482A5194A}"
EndProject
Project("{FAE04EC0-301F-11D3-BF4B-00C04F79EFBC}") = "Ex02", "Ex02\Ex02.csproj", "{94AA9CA6-C23B-49B8-AE79-2DC3BA23114A}"
EndProject
Project("{FAE04EC0-301F-11D3-BF4B-00C04F79EFBC}") = "Ex03", "Ex03\Ex03.csproj", "{9E1D40FF-AE41-456A-A92B-46EB3962655D}"
EndProject
Project("{FAE04EC0-301F-11D3-BF4B-00C04F79EFBC}") = "Ex04", "Ex04\Ex04.csproj", "{BE5A368E-6A16-4837-8CBD-FFB1F6011BDB}"
EndProject
Project("{FAE04EC0-301F-11D3-BF4B-00C04F79EFBC}") = "Ex05", "Ex05\Ex05.csproj", "{BF406C19-69B7-4428-A7C2-6BBBF9976173}"
EndProject
Global
	GlobalSection(SolutionConfigurationPlatforms) = preSolution
		Debug|Any CPU = Debug|Any CPU
		Release|Any CPU = Release|Any CPU
	EndGlobalSection
	GlobalSection(ProjectConfigurationPlatforms) = postSolution
		{30444BCF-DF83-446C-826C-87A482A5194A}.Debug|Any CPU.ActiveCfg = Debug|Any CPU
		{30444BCF-DF83-446C-826C-87A482A5194A}.Debug|Any CPU.Build.0 = Debug|Any CPU
		{30444BCF-DF83-446C-826C-87A482A5194A}.Release|Any CPU.ActiveCfg = Release|Any CPU
		{30444BCF-DF83-446C-826C-87A482A5194A}.Release|Any CPU.Build.0 = Release|Any CPU
		{94AA9CA6-C23B-49B8-AE79-2DC3BA23114A}.Debug|Any CPU.ActiveCfg = Debug|Any CPU
		{94AA9CA6-C23B-49B8-AE79-2DC3BA23114A}.Debug|Any CPU.Build.0 = Debug|Any CPU
		{94AA9CA6-C23B-49B8-AE79-2DC3BA23114A}.Release|Any CPU.ActiveCfg = Release|Any CPU
		{94AA9CA6-C23B-49B8-AE79-2DC3BA23114A}.Release|Any CPU.Build.0 = Release|Any CPU
		{9E1D40FF-AE41-456A-A92B-46EB3962655D}.Debug|Any CPU.ActiveCfg = Debug|Any CPU
		{9E1D40FF-AE41-456A-A92B-46EB3962655D}.Debug|Any CPU.Build.0 = Debug|Any CPU
		{9E1D40FF-AE41-456A-A92B-46EB3962655D}.Release|Any CPU.ActiveCfg = Release|Any CPU
		{9E1D40FF-AE41-456A-A92B-46EB3962655D}.Release|Any CPU.Build.0 = Release|Any CPU
		{BE5A368E-6A16-4837-8CBD-FFB1F6011BDB}.Debug|Any CPU.ActiveCfg = Debug|Any CPU
		{BE5A368E-6A16-4837-8CBD-FFB1F6011BDB}.Debug|Any CPU.Build.0 = Debug|Any CPU
		{BE5A368E-6A16-4837-8CBD-FFB1F6011BDB}.Release|Any CPU.ActiveCfg = Release|Any CPU
		{BE5A368E-6A16-4837-8CBD-FFB1F6011BDB}.Release|Any CPU.Build.0 = Release|Any CPU
		{BF406C19-69B7-4428-A7C2-6BBBF9976173}.Debug|Any CPU.ActiveCfg = Debug|Any CPU
		{BF406C19-69B7-4428-A7C2-6BBBF9976173}.Debug|Any CPU.Build.0 = Debug|Any CPU
		{BF406C19-69B7-4428-A7C2-6BBBF9976173}.Release|Any CPU.ActiveCfg = Release|Any CPU
		{BF406C19-69B7-4428-A7C2-6BBBF9976173}.Release|Any CPU.Build.0 = Release|Any CPU
	EndGlobalSection
	GlobalSection(SolutionProperties) = preSolution
		HideSolutionNode = FALSE
	EndGlobalSection
	GlobalSection(ExtensibilityGlobals) = postSolution
		SolutionGuid = {227A091D-E4D0-4653-84B5-22F58107F697}
	EndGlobalSection
EndGlobal
