
Microsoft Visual Studio Solution File, Format Version 12.00
# Visual Studio 15
VisualStudioVersion = 15.0.28307.852
MinimumVisualStudioVersion = 10.0.40219.1
Project("{FAE04EC0-301F-11D3-BF4B-00C04F79EFBC}") = "Modelo", "Modelo\Modelo.csproj", "{79A2F592-ED68-469E-8710-8E97D332C61D}"
EndProject
Global
	GlobalSection(SolutionConfigurationPlatforms) = preSolution
		Debug|Any CPU = Debug|Any CPU
		Release|Any CPU = Release|Any CPU
	EndGlobalSection
	GlobalSection(ProjectConfigurationPlatforms) = postSolution
		{79A2F592-ED68-469E-8710-8E97D332C61D}.Debug|Any CPU.ActiveCfg = Debug|Any CPU
		{79A2F592-ED68-469E-8710-8E97D332C61D}.Debug|Any CPU.Build.0 = Debug|Any CPU
		{79A2F592-ED68-469E-8710-8E97D332C61D}.Release|Any CPU.ActiveCfg = Release|Any CPU
		{79A2F592-ED68-469E-8710-8E97D332C61D}.Release|Any CPU.Build.0 = Release|Any CPU
	EndGlobalSection
	GlobalSection(SolutionProperties) = preSolution
		HideSolutionNode = FALSE
	EndGlobalSection
	GlobalSection(ExtensibilityGlobals) = postSolution
		SolutionGuid = {D9C3666A-079D-4164-AC19-DFAC4D79329E}
	EndGlobalSection
EndGlobal
