
Microsoft Visual Studio Solution File, Format Version 12.00
# Visual Studio 15
VisualStudioVersion = 15.0.28307.852
MinimumVisualStudioVersion = 10.0.40219.1
Project("{FAE04EC0-301F-11D3-BF4B-00C04F79EFBC}") = "Modelo", "Modelo\Modelo.csproj", "{84D9F308-C01B-4E75-8AFD-89D26E7B6B2D}"
EndProject
Project("{FAE04EC0-301F-11D3-BF4B-00C04F79EFBC}") = "Persistencia", "Persistencia\Persistencia.csproj", "{F56036F1-D08D-4A6A-83F1-EC98AB80CACF}"
EndProject
Project("{FAE04EC0-301F-11D3-BF4B-00C04F79EFBC}") = "Negocio", "Negocio\Negocio.csproj", "{B175FBF1-4ECE-4829-97E5-328C0003BF55}"
EndProject
Project("{FAE04EC0-301F-11D3-BF4B-00C04F79EFBC}") = "JogosApp", "JogosApp\JogosApp.csproj", "{0CA3FAC0-B9FB-47B8-973A-B10517EADAD3}"
EndProject
Global
	GlobalSection(SolutionConfigurationPlatforms) = preSolution
		Debug|Any CPU = Debug|Any CPU
		Release|Any CPU = Release|Any CPU
	EndGlobalSection
	GlobalSection(ProjectConfigurationPlatforms) = postSolution
		{84D9F308-C01B-4E75-8AFD-89D26E7B6B2D}.Debug|Any CPU.ActiveCfg = Debug|Any CPU
		{84D9F308-C01B-4E75-8AFD-89D26E7B6B2D}.Debug|Any CPU.Build.0 = Debug|Any CPU
		{84D9F308-C01B-4E75-8AFD-89D26E7B6B2D}.Release|Any CPU.ActiveCfg = Release|Any CPU
		{84D9F308-C01B-4E75-8AFD-89D26E7B6B2D}.Release|Any CPU.Build.0 = Release|Any CPU
		{F56036F1-D08D-4A6A-83F1-EC98AB80CACF}.Debug|Any CPU.ActiveCfg = Debug|Any CPU
		{F56036F1-D08D-4A6A-83F1-EC98AB80CACF}.Debug|Any CPU.Build.0 = Debug|Any CPU
		{F56036F1-D08D-4A6A-83F1-EC98AB80CACF}.Release|Any CPU.ActiveCfg = Release|Any CPU
		{F56036F1-D08D-4A6A-83F1-EC98AB80CACF}.Release|Any CPU.Build.0 = Release|Any CPU
		{B175FBF1-4ECE-4829-97E5-328C0003BF55}.Debug|Any CPU.ActiveCfg = Debug|Any CPU
		{B175FBF1-4ECE-4829-97E5-328C0003BF55}.Debug|Any CPU.Build.0 = Debug|Any CPU
		{B175FBF1-4ECE-4829-97E5-328C0003BF55}.Release|Any CPU.ActiveCfg = Release|Any CPU
		{B175FBF1-4ECE-4829-97E5-328C0003BF55}.Release|Any CPU.Build.0 = Release|Any CPU
		{0CA3FAC0-B9FB-47B8-973A-B10517EADAD3}.Debug|Any CPU.ActiveCfg = Debug|Any CPU
		{0CA3FAC0-B9FB-47B8-973A-B10517EADAD3}.Debug|Any CPU.Build.0 = Debug|Any CPU
		{0CA3FAC0-B9FB-47B8-973A-B10517EADAD3}.Release|Any CPU.ActiveCfg = Release|Any CPU
		{0CA3FAC0-B9FB-47B8-973A-B10517EADAD3}.Release|Any CPU.Build.0 = Release|Any CPU
	EndGlobalSection
	GlobalSection(SolutionProperties) = preSolution
		HideSolutionNode = FALSE
	EndGlobalSection
	GlobalSection(ExtensibilityGlobals) = postSolution
		SolutionGuid = {2725E65F-AC3C-4D7D-9F1F-32C60E5AAD3C}
	EndGlobalSection
EndGlobal
